{
  "name": "canvaskit-prototype",
  "lockfileVersion": 2,
  "requires": true,
  "packages": {
    "": {
      "dependencies": {
        "canvaskit-wasm": "^0.34.0"
      }
    },
    "node_modules/canvaskit-wasm": {
      "version": "0.34.0",
      "resolved": "https://registry.npmjs.org/canvaskit-wasm/-/canvaskit-wasm-0.34.0.tgz",
      "integrity": "sha512-THKk3f4AQsN0tEygu/yI/vvIChm6gNg/V80174V1x54Uk1RHADRqG5a/Iq425l8NY3lk1bon0/gpeE7yQKqFQQ=="
    }
  },
  "dependencies": {
    "canvaskit-wasm": {
      "version": "0.34.0",
      "resolved": "https://registry.npmjs.org/canvaskit-wasm/-/canvaskit-wasm-0.34.0.tgz",
      "integrity": "sha512-THKk3f4AQsN0tEygu/yI/vvIChm6gNg/V80174V1x54Uk1RHADRqG5a/Iq425l8NY3lk1bon0/gpeE7yQKqFQQ=="
    }
  }
}
